github.com/akamensky/argparse v1.2.2 h1:P17T0ZjlUNJuWTPPJ2A5dM1wxarHgHqfYH+AZTo2xQA=
github.com/akamensky/argparse v1.2.2/go.mod h1:S5kwC7IuDcEr5VeXtGPRVZ5o/FdhcMlQz4IZQuw64xA=
github.com/kelseyhightower/envconfig v1.4.0 h1:Im6hONhd3pLkfDFsbRgu68RDNkGF1r3dvMUtDTo2cv8=
github.com/kelseyhightower/envconfig v1.4.0/go.mod h1:cccZRl6mQpaq41TPp5QxidR+Sa3axMbJDNb//FQX6Gg=
